
Microsoft Visual Studio Solution File, Format Version 12.00
# Visual Studio Version 17
VisualStudioVersion = 17.7.34031.279
MinimumVisualStudioVersion = 10.0.40219.1
Project("{FAE04EC0-301F-11D3-BF4B-00C04F79EFBC}") = "ids", "ids\ids.csproj", "{260ADE21-3449-44AA-B5F0-163C502E44A0}"
EndProject
Project("{2150E333-8FDC-42A3-9474-1A3956D46DE8}") = "Client", "Client", "{0CB41167-1FD1-4F96-9046-E2EC2149201F}"
EndProject
Project("{FAE04EC0-301F-11D3-BF4B-00C04F79EFBC}") = "weatherapi", "weatherapi\weatherapi.csproj", "{22B5DD65-8E6F-45CD-876D-4059C3EC9D56}"
EndProject
Project("{FAE04EC0-301F-11D3-BF4B-00C04F79EFBC}") = "WeatherMvcClient", "WeatherMvcClient\WeatherMvcClient.csproj", "{EF41B285-6A59-4213-8E28-905B853DE040}"
EndProject
Global
	GlobalSection(SolutionConfigurationPlatforms) = preSolution
		Debug|Any CPU = Debug|Any CPU
		Release|Any CPU = Release|Any CPU
	EndGlobalSection
	GlobalSection(ProjectConfigurationPlatforms) = postSolution
		{260ADE21-3449-44AA-B5F0-163C502E44A0}.Debug|Any CPU.ActiveCfg = Debug|Any CPU
		{260ADE21-3449-44AA-B5F0-163C502E44A0}.Debug|Any CPU.Build.0 = Debug|Any CPU
		{260ADE21-3449-44AA-B5F0-163C502E44A0}.Release|Any CPU.ActiveCfg = Release|Any CPU
		{260ADE21-3449-44AA-B5F0-163C502E44A0}.Release|Any CPU.Build.0 = Release|Any CPU
		{22B5DD65-8E6F-45CD-876D-4059C3EC9D56}.Debug|Any CPU.ActiveCfg = Debug|Any CPU
		{22B5DD65-8E6F-45CD-876D-4059C3EC9D56}.Debug|Any CPU.Build.0 = Debug|Any CPU
		{22B5DD65-8E6F-45CD-876D-4059C3EC9D56}.Release|Any CPU.ActiveCfg = Release|Any CPU
		{22B5DD65-8E6F-45CD-876D-4059C3EC9D56}.Release|Any CPU.Build.0 = Release|Any CPU
		{EF41B285-6A59-4213-8E28-905B853DE040}.Debug|Any CPU.ActiveCfg = Debug|Any CPU
		{EF41B285-6A59-4213-8E28-905B853DE040}.Debug|Any CPU.Build.0 = Debug|Any CPU
		{EF41B285-6A59-4213-8E28-905B853DE040}.Release|Any CPU.ActiveCfg = Release|Any CPU
		{EF41B285-6A59-4213-8E28-905B853DE040}.Release|Any CPU.Build.0 = Release|Any CPU
	EndGlobalSection
	GlobalSection(SolutionProperties) = preSolution
		HideSolutionNode = FALSE
	EndGlobalSection
	GlobalSection(NestedProjects) = preSolution
		{22B5DD65-8E6F-45CD-876D-4059C3EC9D56} = {0CB41167-1FD1-4F96-9046-E2EC2149201F}
		{EF41B285-6A59-4213-8E28-905B853DE040} = {0CB41167-1FD1-4F96-9046-E2EC2149201F}
	EndGlobalSection
	GlobalSection(ExtensibilityGlobals) = postSolution
		SolutionGuid = {8AE8929C-1EE1-4AD0-89DA-E708A3A7011B}
	EndGlobalSection
EndGlobal
